
Microsoft Visual Studio Solution File, Format Version 12.00
# Visual Studio Version 17
VisualStudioVersion = 17.11.35222.181
MinimumVisualStudioVersion = 10.0.40219.1
Project("{2150E333-8FDC-42A3-9474-1A3956D46DE8}") = "src", "src", "{A782A0A4-3150-4F02-BD0D-DDE8DB91DE5F}"
EndProject
Project("{FAE04EC0-301F-11D3-BF4B-00C04F79EFBC}") = "Newsletter.API", "Newsletter.API\Newsletter.API.csproj", "{7D0063BD-7B38-4B5B-9058-36BB90AA2C17}"
EndProject
Global
	GlobalSection(SolutionConfigurationPlatforms) = preSolution
		Debug|Any CPU = Debug|Any CPU
		Release|Any CPU = Release|Any CPU
	EndGlobalSection
	GlobalSection(ProjectConfigurationPlatforms) = postSolution
		{7D0063BD-7B38-4B5B-9058-36BB90AA2C17}.Debug|Any CPU.ActiveCfg = Debug|Any CPU
		{7D0063BD-7B38-4B5B-9058-36BB90AA2C17}.Debug|Any CPU.Build.0 = Debug|Any CPU
		{7D0063BD-7B38-4B5B-9058-36BB90AA2C17}.Release|Any CPU.ActiveCfg = Release|Any CPU
		{7D0063BD-7B38-4B5B-9058-36BB90AA2C17}.Release|Any CPU.Build.0 = Release|Any CPU
	EndGlobalSection
	GlobalSection(SolutionProperties) = preSolution
		HideSolutionNode = FALSE
	EndGlobalSection
	GlobalSection(NestedProjects) = preSolution
		{7D0063BD-7B38-4B5B-9058-36BB90AA2C17} = {A782A0A4-3150-4F02-BD0D-DDE8DB91DE5F}
	EndGlobalSection
	GlobalSection(ExtensibilityGlobals) = postSolution
		SolutionGuid = {62BD6872-44F6-469A-9F8D-50AF48B2DE4D}
	EndGlobalSection
EndGlobal
